
Microsoft Visual Studio Solution File, Format Version 12.00
# Visual Studio Version 16
VisualStudioVersion = 16.0.30804.86
MinimumVisualStudioVersion = 10.0.40219.1
Project("{2150E333-8FDC-42A3-9474-1A3956D46DE8}") = "src", "src", "{95B212AB-BC16-4CDE-AE55-61AB8972CD6C}"
EndProject
Project("{2150E333-8FDC-42A3-9474-1A3956D46DE8}") = "test", "test", "{B9490A75-4017-49C1-8680-47B258D74DB0}"
EndProject
Project("{9A19103F-16F7-4668-BE54-9A1E7A4F7556}") = "Nucleus.Web.Api", "src\Nucleus.Web.Api\Nucleus.Web.Api.csproj", "{DB75D9CE-51C7-4142-AE84-3E17BE689C6E}"
EndProject
Project("{FAE04EC0-301F-11D3-BF4B-00C04F79EFBC}") = "Nucleus.Core", "src\Nucleus.Core\Nucleus.Core.csproj", "{42989003-6A32-41D3-AEA7-56CB2A1933C4}"
EndProject
Project("{2150E333-8FDC-42A3-9474-1A3956D46DE8}") = "modules", "modules", "{8E6515FF-1C8B-4B54-8B4D-6825CDBEA2FD}"
EndProject
Project("{FAE04EC0-301F-11D3-BF4B-00C04F79EFBC}") = "Nucleus.Modules.Authentication", "src\modules\Nucleus.Modules.Authentication\Nucleus.Modules.Authentication.csproj", "{DC3D82F2-A49F-4783-A809-436E43CCBC9B}"
EndProject
Global
	GlobalSection(SolutionConfigurationPlatforms) = preSolution
		Debug|Any CPU = Debug|Any CPU
		Release|Any CPU = Release|Any CPU
	EndGlobalSection
	GlobalSection(ProjectConfigurationPlatforms) = postSolution
		{DB75D9CE-51C7-4142-AE84-3E17BE689C6E}.Debug|Any CPU.ActiveCfg = Debug|Any CPU
		{DB75D9CE-51C7-4142-AE84-3E17BE689C6E}.Debug|Any CPU.Build.0 = Debug|Any CPU
		{DB75D9CE-51C7-4142-AE84-3E17BE689C6E}.Release|Any CPU.ActiveCfg = Release|Any CPU
		{DB75D9CE-51C7-4142-AE84-3E17BE689C6E}.Release|Any CPU.Build.0 = Release|Any CPU
		{42989003-6A32-41D3-AEA7-56CB2A1933C4}.Debug|Any CPU.ActiveCfg = Debug|Any CPU
		{42989003-6A32-41D3-AEA7-56CB2A1933C4}.Debug|Any CPU.Build.0 = Debug|Any CPU
		{42989003-6A32-41D3-AEA7-56CB2A1933C4}.Release|Any CPU.ActiveCfg = Release|Any CPU
		{42989003-6A32-41D3-AEA7-56CB2A1933C4}.Release|Any CPU.Build.0 = Release|Any CPU
		{DC3D82F2-A49F-4783-A809-436E43CCBC9B}.Debug|Any CPU.ActiveCfg = Debug|Any CPU
		{DC3D82F2-A49F-4783-A809-436E43CCBC9B}.Debug|Any CPU.Build.0 = Debug|Any CPU
		{DC3D82F2-A49F-4783-A809-436E43CCBC9B}.Release|Any CPU.ActiveCfg = Release|Any CPU
		{DC3D82F2-A49F-4783-A809-436E43CCBC9B}.Release|Any CPU.Build.0 = Release|Any CPU
	EndGlobalSection
	GlobalSection(SolutionProperties) = preSolution
		HideSolutionNode = FALSE
	EndGlobalSection
	GlobalSection(NestedProjects) = preSolution
		{DB75D9CE-51C7-4142-AE84-3E17BE689C6E} = {95B212AB-BC16-4CDE-AE55-61AB8972CD6C}
		{42989003-6A32-41D3-AEA7-56CB2A1933C4} = {95B212AB-BC16-4CDE-AE55-61AB8972CD6C}
		{8E6515FF-1C8B-4B54-8B4D-6825CDBEA2FD} = {95B212AB-BC16-4CDE-AE55-61AB8972CD6C}
		{DC3D82F2-A49F-4783-A809-436E43CCBC9B} = {8E6515FF-1C8B-4B54-8B4D-6825CDBEA2FD}
	EndGlobalSection
	GlobalSection(ExtensibilityGlobals) = postSolution
		SolutionGuid = {58FD3E10-4863-4A94-BF4C-E9CC155B9D16}
	EndGlobalSection
EndGlobal
